
Microsoft Visual Studio Solution File, Format Version 12.00
# Visual Studio Version 16
VisualStudioVersion = 16.0.30011.22
MinimumVisualStudioVersion = 10.0.40219.1
Project("{FAE04EC0-301F-11D3-BF4B-00C04F79EFBC}") = "Servicios-de-Entrega", "Servicios-de-Entrega\Servicios-de-Entrega.csproj", "{F429E21D-3974-404B-A26B-AB1CAD48E29E}"
EndProject
Global
	GlobalSection(SolutionConfigurationPlatforms) = preSolution
		Debug|Any CPU = Debug|Any CPU
		Release|Any CPU = Release|Any CPU
	EndGlobalSection
	GlobalSection(ProjectConfigurationPlatforms) = postSolution
		{F429E21D-3974-404B-A26B-AB1CAD48E29E}.Debug|Any CPU.ActiveCfg = Debug|Any CPU
		{F429E21D-3974-404B-A26B-AB1CAD48E29E}.Debug|Any CPU.Build.0 = Debug|Any CPU
		{F429E21D-3974-404B-A26B-AB1CAD48E29E}.Release|Any CPU.ActiveCfg = Release|Any CPU
		{F429E21D-3974-404B-A26B-AB1CAD48E29E}.Release|Any CPU.Build.0 = Release|Any CPU
	EndGlobalSection
	GlobalSection(SolutionProperties) = preSolution
		HideSolutionNode = FALSE
	EndGlobalSection
	GlobalSection(ExtensibilityGlobals) = postSolution
		SolutionGuid = {AEE84C72-AE6F-4703-B060-3282C1453793}
	EndGlobalSection
EndGlobal
